
Microsoft Visual Studio Solution File, Format Version 12.00
# Visual Studio Version 17
VisualStudioVersion = 17.13.35806.99 d17.13
MinimumVisualStudioVersion = 10.0.40219.1
Project("{FAE04EC0-301F-11D3-BF4B-00C04F79EFBC}") = "CineTicket", "CineTicket\CineTicket.csproj", "{AE34BAAA-010E-4477-818E-E7F582059BB6}"
EndProject
Global
	GlobalSection(SolutionConfigurationPlatforms) = preSolution
		Debug|Any CPU = Debug|Any CPU
		Release|Any CPU = Release|Any CPU
	EndGlobalSection
	GlobalSection(ProjectConfigurationPlatforms) = postSolution
		{AE34BAAA-010E-4477-818E-E7F582059BB6}.Debug|Any CPU.ActiveCfg = Debug|Any CPU
		{AE34BAAA-010E-4477-818E-E7F582059BB6}.Debug|Any CPU.Build.0 = Debug|Any CPU
		{AE34BAAA-010E-4477-818E-E7F582059BB6}.Release|Any CPU.ActiveCfg = Release|Any CPU
		{AE34BAAA-010E-4477-818E-E7F582059BB6}.Release|Any CPU.Build.0 = Release|Any CPU
	EndGlobalSection
	GlobalSection(SolutionProperties) = preSolution
		HideSolutionNode = FALSE
	EndGlobalSection
	GlobalSection(ExtensibilityGlobals) = postSolution
		SolutionGuid = {F9D7026E-ECE6-4A6F-A80E-F0B45085A2D4}
	EndGlobalSection
EndGlobal
